
Microsoft Visual Studio Solution File, Format Version 12.00
# Visual Studio Version 17
VisualStudioVersion = 17.13.35825.156 d17.13
MinimumVisualStudioVersion = 10.0.40219.1
Project("{FAE04EC0-301F-11D3-BF4B-00C04F79EFBC}") = "REPSUserInterface", "REPSUserInterface\REPSUserInterface\REPSUserInterface.csproj", "{378EDCFE-F123-4430-B2D8-9A05203E21CD}"
EndProject
Project("{FAE04EC0-301F-11D3-BF4B-00C04F79EFBC}") = "REPSUserInterface.Client", "REPSUserInterface\REPSUserInterface.Client\REPSUserInterface.Client.csproj", "{A93CDBD8-CE27-437D-B4DE-01447048326E}"
EndProject
Global
	GlobalSection(SolutionConfigurationPlatforms) = preSolution
		Debug|Any CPU = Debug|Any CPU
		Release|Any CPU = Release|Any CPU
	EndGlobalSection
	GlobalSection(ProjectConfigurationPlatforms) = postSolution
		{378EDCFE-F123-4430-B2D8-9A05203E21CD}.Debug|Any CPU.ActiveCfg = Debug|Any CPU
		{378EDCFE-F123-4430-B2D8-9A05203E21CD}.Debug|Any CPU.Build.0 = Debug|Any CPU
		{378EDCFE-F123-4430-B2D8-9A05203E21CD}.Release|Any CPU.ActiveCfg = Release|Any CPU
		{378EDCFE-F123-4430-B2D8-9A05203E21CD}.Release|Any CPU.Build.0 = Release|Any CPU
		{A93CDBD8-CE27-437D-B4DE-01447048326E}.Debug|Any CPU.ActiveCfg = Debug|Any CPU
		{A93CDBD8-CE27-437D-B4DE-01447048326E}.Debug|Any CPU.Build.0 = Debug|Any CPU
		{A93CDBD8-CE27-437D-B4DE-01447048326E}.Release|Any CPU.ActiveCfg = Release|Any CPU
		{A93CDBD8-CE27-437D-B4DE-01447048326E}.Release|Any CPU.Build.0 = Release|Any CPU
	EndGlobalSection
	GlobalSection(SolutionProperties) = preSolution
		HideSolutionNode = FALSE
	EndGlobalSection
	GlobalSection(ExtensibilityGlobals) = postSolution
		SolutionGuid = {4AB7E7A5-6561-4D06-AC77-72537057E8A9}
	EndGlobalSection
EndGlobal
