
Microsoft Visual Studio Solution File, Format Version 12.00
# Visual Studio Version 17
VisualStudioVersion = 17.12.35521.163 d17.12
MinimumVisualStudioVersion = 10.0.40219.1
Project("{FAE04EC0-301F-11D3-BF4B-00C04F79EFBC}") = "REPSUserInterface", "REPSUserInterface\REPSUserInterface.csproj", "{7EEFEBA3-2B37-4D65-A987-59BD8B77FBED}"
EndProject
Project("{FAE04EC0-301F-11D3-BF4B-00C04F79EFBC}") = "REPSUserInterface.Client", "REPSUserInterface.Client\REPSUserInterface.Client.csproj", "{A6B58A9A-C7AD-407F-9AB1-3B3813E946A7}"
EndProject
Global
	GlobalSection(SolutionConfigurationPlatforms) = preSolution
		Debug|Any CPU = Debug|Any CPU
		Release|Any CPU = Release|Any CPU
	EndGlobalSection
	GlobalSection(ProjectConfigurationPlatforms) = postSolution
		{7EEFEBA3-2B37-4D65-A987-59BD8B77FBED}.Debug|Any CPU.ActiveCfg = Debug|Any CPU
		{7EEFEBA3-2B37-4D65-A987-59BD8B77FBED}.Debug|Any CPU.Build.0 = Debug|Any CPU
		{7EEFEBA3-2B37-4D65-A987-59BD8B77FBED}.Release|Any CPU.ActiveCfg = Release|Any CPU
		{7EEFEBA3-2B37-4D65-A987-59BD8B77FBED}.Release|Any CPU.Build.0 = Release|Any CPU
		{A6B58A9A-C7AD-407F-9AB1-3B3813E946A7}.Debug|Any CPU.ActiveCfg = Debug|Any CPU
		{A6B58A9A-C7AD-407F-9AB1-3B3813E946A7}.Debug|Any CPU.Build.0 = Debug|Any CPU
		{A6B58A9A-C7AD-407F-9AB1-3B3813E946A7}.Release|Any CPU.ActiveCfg = Release|Any CPU
		{A6B58A9A-C7AD-407F-9AB1-3B3813E946A7}.Release|Any CPU.Build.0 = Release|Any CPU
	EndGlobalSection
	GlobalSection(SolutionProperties) = preSolution
		HideSolutionNode = FALSE
	EndGlobalSection
EndGlobal
